
Microsoft Visual Studio Solution File, Format Version 12.00
# Visual Studio Version 17
VisualStudioVersion = 17.5.33627.172
MinimumVisualStudioVersion = 10.0.40219.1
Project("{9A19103F-16F7-4668-BE54-9A1E7A4F7556}") = "Company.Service.API", "Company.Service.API\Company.Service.API.csproj", "{9C659BCB-53F3-475E-87F5-7B689B84F9FC}"
EndProject
Project("{9A19103F-16F7-4668-BE54-9A1E7A4F7556}") = "Company.Service.DTOs", "Company.Service.DTOs\Company.Service.DTOs.csproj", "{D2D99485-FBB1-4F9E-8143-D9A98D884BF0}"
EndProject
Project("{9A19103F-16F7-4668-BE54-9A1E7A4F7556}") = "Company.Service.Entities", "Company.Service.Entities\Company.Service.Entities.csproj", "{1A8715AA-70BB-4587-B57E-B0441E86B036}"
EndProject
Project("{9A19103F-16F7-4668-BE54-9A1E7A4F7556}") = "Company.Service.IoC", "Company.Service.IoC\Company.Service.IoC.csproj", "{E3FB62B1-5442-436B-875E-AE3A94B35DE3}"
EndProject
Project("{9A19103F-16F7-4668-BE54-9A1E7A4F7556}") = "Company.Service.Presenters", "Company.Service.Presenters\Company.Service.Presenters.csproj", "{0FB552FC-B391-40C2-A589-1288E8A89098}"
EndProject
Project("{9A19103F-16F7-4668-BE54-9A1E7A4F7556}") = "Company.Service.Repositories", "Company.Service.Repositories\Company.Service.Repositories.csproj", "{4EA986B8-30E7-42A9-AB5B-08F349070AA6}"
EndProject
Project("{9A19103F-16F7-4668-BE54-9A1E7A4F7556}") = "Company.Service.Test", "Company.Service.Test\Company.Service.Test.csproj", "{D40A1B67-F87E-4232-989C-F92A89623FD8}"
EndProject
Project("{9A19103F-16F7-4668-BE54-9A1E7A4F7556}") = "Company.Service.UseCases", "Company.Service.UseCases\Company.Service.UseCases.csproj", "{6F5DE536-B14B-4C5D-8E6E-7BC3F3FE3151}"
EndProject
Project("{9A19103F-16F7-4668-BE54-9A1E7A4F7556}") = "Company.Service.WebFilters", "Company.Service.WebExceptionsPresenter\Company.Service.WebFilters.csproj", "{17ECBAB4-A475-4697-89C2-382AEEBD71BE}"
EndProject
Project("{9A19103F-16F7-4668-BE54-9A1E7A4F7556}") = "Company.Service.Backgrounds", "Company.Service.Backgrounds\Company.Service.Backgrounds.csproj", "{04603C80-82C9-495A-A194-870041AC8404}"
EndProject
Project("{2150E333-8FDC-42A3-9474-1A3956D46DE8}") = "ConfigFiles", "ConfigFiles", "{D240C347-8D29-41A0-B9D7-A135CEE47CE9}"
	ProjectSection(SolutionItems) = preProject
		stylecop.json = stylecop.json
		StyleCopeRules.ruleset = StyleCopeRules.ruleset
	EndProjectSection
EndProject
Project("{E53339B2-1760-4266-BCC7-CA923CBCF16C}") = "docker-compose", "docker-compose.dcproj", "{F370BB6B-A24D-45AE-9190-901FEB3798C2}"
EndProject
Global
	GlobalSection(SolutionConfigurationPlatforms) = preSolution
		Debug|Any CPU = Debug|Any CPU
		Release|Any CPU = Release|Any CPU
	EndGlobalSection
	GlobalSection(ProjectConfigurationPlatforms) = postSolution
		{9C659BCB-53F3-475E-87F5-7B689B84F9FC}.Debug|Any CPU.ActiveCfg = Debug|Any CPU
		{9C659BCB-53F3-475E-87F5-7B689B84F9FC}.Debug|Any CPU.Build.0 = Debug|Any CPU
		{9C659BCB-53F3-475E-87F5-7B689B84F9FC}.Release|Any CPU.ActiveCfg = Release|Any CPU
		{9C659BCB-53F3-475E-87F5-7B689B84F9FC}.Release|Any CPU.Build.0 = Release|Any CPU
		{D2D99485-FBB1-4F9E-8143-D9A98D884BF0}.Debug|Any CPU.ActiveCfg = Debug|Any CPU
		{D2D99485-FBB1-4F9E-8143-D9A98D884BF0}.Debug|Any CPU.Build.0 = Debug|Any CPU
		{D2D99485-FBB1-4F9E-8143-D9A98D884BF0}.Release|Any CPU.ActiveCfg = Release|Any CPU
		{D2D99485-FBB1-4F9E-8143-D9A98D884BF0}.Release|Any CPU.Build.0 = Release|Any CPU
		{1A8715AA-70BB-4587-B57E-B0441E86B036}.Debug|Any CPU.ActiveCfg = Debug|Any CPU
		{1A8715AA-70BB-4587-B57E-B0441E86B036}.Debug|Any CPU.Build.0 = Debug|Any CPU
		{1A8715AA-70BB-4587-B57E-B0441E86B036}.Release|Any CPU.ActiveCfg = Release|Any CPU
		{1A8715AA-70BB-4587-B57E-B0441E86B036}.Release|Any CPU.Build.0 = Release|Any CPU
		{E3FB62B1-5442-436B-875E-AE3A94B35DE3}.Debug|Any CPU.ActiveCfg = Debug|Any CPU
		{E3FB62B1-5442-436B-875E-AE3A94B35DE3}.Debug|Any CPU.Build.0 = Debug|Any CPU
		{E3FB62B1-5442-436B-875E-AE3A94B35DE3}.Release|Any CPU.ActiveCfg = Release|Any CPU
		{E3FB62B1-5442-436B-875E-AE3A94B35DE3}.Release|Any CPU.Build.0 = Release|Any CPU
		{0FB552FC-B391-40C2-A589-1288E8A89098}.Debug|Any CPU.ActiveCfg = Debug|Any CPU
		{0FB552FC-B391-40C2-A589-1288E8A89098}.Debug|Any CPU.Build.0 = Debug|Any CPU
		{0FB552FC-B391-40C2-A589-1288E8A89098}.Release|Any CPU.ActiveCfg = Release|Any CPU
		{0FB552FC-B391-40C2-A589-1288E8A89098}.Release|Any CPU.Build.0 = Release|Any CPU
		{4EA986B8-30E7-42A9-AB5B-08F349070AA6}.Debug|Any CPU.ActiveCfg = Debug|Any CPU
		{4EA986B8-30E7-42A9-AB5B-08F349070AA6}.Debug|Any CPU.Build.0 = Debug|Any CPU
		{4EA986B8-30E7-42A9-AB5B-08F349070AA6}.Release|Any CPU.ActiveCfg = Release|Any CPU
		{4EA986B8-30E7-42A9-AB5B-08F349070AA6}.Release|Any CPU.Build.0 = Release|Any CPU
		{D40A1B67-F87E-4232-989C-F92A89623FD8}.Debug|Any CPU.ActiveCfg = Debug|Any CPU
		{D40A1B67-F87E-4232-989C-F92A89623FD8}.Debug|Any CPU.Build.0 = Debug|Any CPU
		{D40A1B67-F87E-4232-989C-F92A89623FD8}.Release|Any CPU.ActiveCfg = Release|Any CPU
		{D40A1B67-F87E-4232-989C-F92A89623FD8}.Release|Any CPU.Build.0 = Release|Any CPU
		{6F5DE536-B14B-4C5D-8E6E-7BC3F3FE3151}.Debug|Any CPU.ActiveCfg = Debug|Any CPU
		{6F5DE536-B14B-4C5D-8E6E-7BC3F3FE3151}.Debug|Any CPU.Build.0 = Debug|Any CPU
		{6F5DE536-B14B-4C5D-8E6E-7BC3F3FE3151}.Release|Any CPU.ActiveCfg = Release|Any CPU
		{6F5DE536-B14B-4C5D-8E6E-7BC3F3FE3151}.Release|Any CPU.Build.0 = Release|Any CPU
		{17ECBAB4-A475-4697-89C2-382AEEBD71BE}.Debug|Any CPU.ActiveCfg = Debug|Any CPU
		{17ECBAB4-A475-4697-89C2-382AEEBD71BE}.Debug|Any CPU.Build.0 = Debug|Any CPU
		{17ECBAB4-A475-4697-89C2-382AEEBD71BE}.Release|Any CPU.ActiveCfg = Release|Any CPU
		{17ECBAB4-A475-4697-89C2-382AEEBD71BE}.Release|Any CPU.Build.0 = Release|Any CPU
		{04603C80-82C9-495A-A194-870041AC8404}.Debug|Any CPU.ActiveCfg = Debug|Any CPU
		{04603C80-82C9-495A-A194-870041AC8404}.Debug|Any CPU.Build.0 = Debug|Any CPU
		{04603C80-82C9-495A-A194-870041AC8404}.Release|Any CPU.ActiveCfg = Release|Any CPU
		{04603C80-82C9-495A-A194-870041AC8404}.Release|Any CPU.Build.0 = Release|Any CPU
		{F370BB6B-A24D-45AE-9190-901FEB3798C2}.Debug|Any CPU.ActiveCfg = Debug|Any CPU
		{F370BB6B-A24D-45AE-9190-901FEB3798C2}.Debug|Any CPU.Build.0 = Debug|Any CPU
		{F370BB6B-A24D-45AE-9190-901FEB3798C2}.Release|Any CPU.ActiveCfg = Release|Any CPU
		{F370BB6B-A24D-45AE-9190-901FEB3798C2}.Release|Any CPU.Build.0 = Release|Any CPU
	EndGlobalSection
	GlobalSection(SolutionProperties) = preSolution
		HideSolutionNode = FALSE
	EndGlobalSection
	GlobalSection(ExtensibilityGlobals) = postSolution
		SolutionGuid = {7E07F8D8-FFC7-4E76-8963-E686A024B3A9}
	EndGlobalSection
EndGlobal
